{
  "object": {
    "pins": [
      {
        "package": "AXSwift",
        "repositoryURL": "https://github.com/tmandry/AXSwift",
        "state": {
          "branch": null,
          "revision": "81dcc36aced905d6464cc25e35f8d13184bbf21c",
          "version": "0.3.2"
        }
      },
      {
        "package": "Cairo",
        "repositoryURL": "https://github.com/timbertson/Cairo",
        "state": {
          "branch": null,
          "revision": "25fa120cd2eb22fe0608b17e4c8fab2596ad8ead",
          "version": "1.2.4"
        }
      },
      {
        "package": "MASShortcut",
        "repositoryURL": "https://github.com/shpakovski/MASShortcut",
        "state": {
          "branch": null,
          "revision": "6ddfd5f866f8f9679b5af656604dd33cc2540a48",
          "version": null
        }
      }
    ]
  },
  "version": 1
}
