{
  "object": {
    "pins": [
      {
        "package": "AXSwift",
        "repositoryURL": "https://github.com/timbertson/AXSwift",
        "state": {
          "branch": null,
          "revision": "433619272c3fb581743ca5f265d5d29b121e84c7",
          "version": "0.2.4"
        }
      },
      {
        "package": "Cairo",
        "repositoryURL": "https://github.com/timbertson/Cairo",
        "state": {
          "branch": null,
          "revision": "25fa120cd2eb22fe0608b17e4c8fab2596ad8ead",
          "version": "1.2.4"
        }
      },
      {
        "package": "MASShortcut",
        "repositoryURL": "https://github.com/timbertson/MASShortcut",
        "state": {
          "branch": null,
          "revision": "e9911c78f7d1c06017d5830a5aee875940307ff2",
          "version": "2.4.8"
        }
      }
    ]
  },
  "version": 1
}
