// !$*UTF8*$!
{
	archiveVersion = 1;
	classes = {
	};
	objectVersion = 48;
	objects = {

/* Begin PBXBuildFile section */
		9E06372D204AA8DD0092BF47 /* ApplicationServices.framework in Frameworks */ = {isa = PBXBuildFile; fileRef = 9EBE716E1FEE6EF3002C536F /* ApplicationServices.framework */; };
		9E4866371FEF952A002793EA /* cocoa_impl.js in Resources */ = {isa = PBXBuildFile; fileRef = 9E4866361FEF952A002793EA /* cocoa_impl.js */; };
		9E4866461FF5B9D8002793EA /* AXSwift.framework in Frameworks */ = {isa = PBXBuildFile; fileRef = 9E4866451FF5B9D7002793EA /* AXSwift.framework */; };
		9E4866471FF5B9D8002793EA /* AXSwift.framework in Embed Frameworks */ = {isa = PBXBuildFile; fileRef = 9E4866451FF5B9D7002793EA /* AXSwift.framework */; settings = {ATTRIBUTES = (CodeSignOnCopy, RemoveHeadersOnCopy, ); }; };
		9E4866491FF5C941002793EA /* ClutterJS.swift in Sources */ = {isa = PBXBuildFile; fileRef = 9E4866481FF5C941002793EA /* ClutterJS.swift */; };
		9E48664B1FF5C98B002793EA /* System.swift in Sources */ = {isa = PBXBuildFile; fileRef = 9E48664A1FF5C98B002793EA /* System.swift */; };
		9E48664F1FFAFA39002793EA /* Keycode.swift in Sources */ = {isa = PBXBuildFile; fileRef = 9E48664E1FFAFA39002793EA /* Keycode.swift */; };
		9E48665E20036F2A002793EA /* Status.swift in Sources */ = {isa = PBXBuildFile; fileRef = 9E48665D20036F2A002793EA /* Status.swift */; };
		9E48666C200389F9002793EA /* icon.png in Resources */ = {isa = PBXBuildFile; fileRef = 9E48666B200389F9002793EA /* icon.png */; };
		9E48666E20038E30002793EA /* icon-fade.png in Resources */ = {isa = PBXBuildFile; fileRef = 9E48666D20038E30002793EA /* icon-fade.png */; };
		9E4866702005F322002793EA /* NSScreen+Slinger.swift in Sources */ = {isa = PBXBuildFile; fileRef = 9E48666F2005F322002793EA /* NSScreen+Slinger.swift */; };
		9E50B54622A3675C0006209A /* CairoJS.swift in Sources */ = {isa = PBXBuildFile; fileRef = 9E48663C1FF356FE002793EA /* CairoJS.swift */; };
		9EBE70CD1FE61572002C536F /* AppDelegate.swift in Sources */ = {isa = PBXBuildFile; fileRef = 9EBE70CC1FE61572002C536F /* AppDelegate.swift */; };
		9EBE70CF1FE61572002C536F /* Assets.xcassets in Resources */ = {isa = PBXBuildFile; fileRef = 9EBE70CE1FE61572002C536F /* Assets.xcassets */; };
		9EEBC68B1FEF159D00FF72EB /* main.swift in Sources */ = {isa = PBXBuildFile; fileRef = 9EEBC68A1FEF159D00FF72EB /* main.swift */; };
		9EEBC68F1FEF2A1700FF72EB /* MASShortcut.framework in Frameworks */ = {isa = PBXBuildFile; fileRef = 9EEBC68C1FEF286700FF72EB /* MASShortcut.framework */; };
		9EEBC6901FEF2A1700FF72EB /* MASShortcut.framework in Embed Frameworks */ = {isa = PBXBuildFile; fileRef = 9EEBC68C1FEF286700FF72EB /* MASShortcut.framework */; settings = {ATTRIBUTES = (CodeSignOnCopy, RemoveHeadersOnCopy, ); }; };
		9EEBC6931FEF4CD200FF72EB /* Slinger.swift in Sources */ = {isa = PBXBuildFile; fileRef = 9EEBC6921FEF4CD200FF72EB /* Slinger.swift */; };
		9EEBC6951FEF4CEC00FF72EB /* Keybinding.swift in Sources */ = {isa = PBXBuildFile; fileRef = 9EEBC6941FEF4CEC00FF72EB /* Keybinding.swift */; };
		9EEBC6971FEF533600FF72EB /* JavaScriptCore.framework in Frameworks */ = {isa = PBXBuildFile; fileRef = 9EEBC6961FEF533600FF72EB /* JavaScriptCore.framework */; };
/* End PBXBuildFile section */

/* Begin PBXCopyFilesBuildPhase section */
		9EEBC6911FEF2A1700FF72EB /* Embed Frameworks */ = {
			isa = PBXCopyFilesBuildPhase;
			buildActionMask = 2147483647;
			dstPath = "";
			dstSubfolderSpec = 10;
			files = (
				9EEBC6901FEF2A1700FF72EB /* MASShortcut.framework in Embed Frameworks */,
				9E4866471FF5B9D8002793EA /* AXSwift.framework in Embed Frameworks */,
			);
			name = "Embed Frameworks";
			runOnlyForDeploymentPostprocessing = 0;
		};
/* End PBXCopyFilesBuildPhase section */

/* Begin PBXFileReference section */
		9E4866361FEF952A002793EA /* cocoa_impl.js */ = {isa = PBXFileReference; fileEncoding = 4; lastKnownFileType = sourcecode.javascript; name = cocoa_impl.js; path = "slinger-js/extension/cocoa_impl.js"; sourceTree = "<group>"; };
		9E48663C1FF356FE002793EA /* CairoJS.swift */ = {isa = PBXFileReference; lastKnownFileType = sourcecode.swift; path = CairoJS.swift; sourceTree = "<group>"; };
		9E4866451FF5B9D7002793EA /* AXSwift.framework */ = {isa = PBXFileReference; lastKnownFileType = wrapper.framework; name = AXSwift.framework; path = Carthage/Build/Mac/AXSwift.framework; sourceTree = "<group>"; };
		9E4866481FF5C941002793EA /* ClutterJS.swift */ = {isa = PBXFileReference; lastKnownFileType = sourcecode.swift; path = ClutterJS.swift; sourceTree = "<group>"; };
		9E48664A1FF5C98B002793EA /* System.swift */ = {isa = PBXFileReference; lastKnownFileType = sourcecode.swift; path = System.swift; sourceTree = "<group>"; };
		9E48664E1FFAFA39002793EA /* Keycode.swift */ = {isa = PBXFileReference; lastKnownFileType = sourcecode.swift; path = Keycode.swift; sourceTree = "<group>"; };
		9E4866572002CB5E002793EA /* Slinger.xcconfig */ = {isa = PBXFileReference; fileEncoding = 4; lastKnownFileType = text.xcconfig; path = Slinger.xcconfig; sourceTree = "<group>"; };
		9E48665D20036F2A002793EA /* Status.swift */ = {isa = PBXFileReference; lastKnownFileType = sourcecode.swift; path = Status.swift; sourceTree = "<group>"; };
		9E48666B200389F9002793EA /* icon.png */ = {isa = PBXFileReference; lastKnownFileType = image.png; name = icon.png; path = "slinger-js/img/icon.png"; sourceTree = SOURCE_ROOT; };
		9E48666D20038E30002793EA /* icon-fade.png */ = {isa = PBXFileReference; lastKnownFileType = image.png; name = "icon-fade.png"; path = "slinger-js/img/icon-fade.png"; sourceTree = SOURCE_ROOT; };
		9E48666F2005F322002793EA /* NSScreen+Slinger.swift */ = {isa = PBXFileReference; lastKnownFileType = sourcecode.swift; path = "NSScreen+Slinger.swift"; sourceTree = "<group>"; };
		9EBE70C91FE61572002C536F /* Slinger.app */ = {isa = PBXFileReference; explicitFileType = wrapper.application; includeInIndex = 0; path = Slinger.app; sourceTree = BUILT_PRODUCTS_DIR; };
		9EBE70CC1FE61572002C536F /* AppDelegate.swift */ = {isa = PBXFileReference; lastKnownFileType = sourcecode.swift; path = AppDelegate.swift; sourceTree = "<group>"; };
		9EBE70CE1FE61572002C536F /* Assets.xcassets */ = {isa = PBXFileReference; lastKnownFileType = folder.assetcatalog; path = Assets.xcassets; sourceTree = "<group>"; };
		9EBE70D31FE61572002C536F /* Info.plist */ = {isa = PBXFileReference; lastKnownFileType = text.plist.xml; path = Info.plist; sourceTree = "<group>"; };
		9EBE70D41FE61572002C536F /* Slinger.entitlements */ = {isa = PBXFileReference; lastKnownFileType = text.plist.entitlements; path = Slinger.entitlements; sourceTree = "<group>"; };
		9EBE716E1FEE6EF3002C536F /* ApplicationServices.framework */ = {isa = PBXFileReference; lastKnownFileType = wrapper.framework; name = ApplicationServices.framework; path = System/Library/Frameworks/ApplicationServices.framework; sourceTree = SDKROOT; };
		9EEBC68A1FEF159D00FF72EB /* main.swift */ = {isa = PBXFileReference; lastKnownFileType = sourcecode.swift; path = main.swift; sourceTree = "<group>"; };
		9EEBC68C1FEF286700FF72EB /* MASShortcut.framework */ = {isa = PBXFileReference; lastKnownFileType = wrapper.framework; name = MASShortcut.framework; path = Carthage/Build/Mac/MASShortcut.framework; sourceTree = "<group>"; };
		9EEBC6921FEF4CD200FF72EB /* Slinger.swift */ = {isa = PBXFileReference; lastKnownFileType = sourcecode.swift; path = Slinger.swift; sourceTree = "<group>"; };
		9EEBC6941FEF4CEC00FF72EB /* Keybinding.swift */ = {isa = PBXFileReference; lastKnownFileType = sourcecode.swift; path = Keybinding.swift; sourceTree = "<group>"; };
		9EEBC6961FEF533600FF72EB /* JavaScriptCore.framework */ = {isa = PBXFileReference; lastKnownFileType = wrapper.framework; name = JavaScriptCore.framework; path = System/Library/Frameworks/JavaScriptCore.framework; sourceTree = SDKROOT; };
/* End PBXFileReference section */

/* Begin PBXFrameworksBuildPhase section */
		9EBE70C61FE61572002C536F /* Frameworks */ = {
			isa = PBXFrameworksBuildPhase;
			buildActionMask = 2147483647;
			files = (
				9E06372D204AA8DD0092BF47 /* ApplicationServices.framework in Frameworks */,
				9EEBC6971FEF533600FF72EB /* JavaScriptCore.framework in Frameworks */,
				9EEBC68F1FEF2A1700FF72EB /* MASShortcut.framework in Frameworks */,
				9E4866461FF5B9D8002793EA /* AXSwift.framework in Frameworks */,
			);
			runOnlyForDeploymentPostprocessing = 0;
		};
/* End PBXFrameworksBuildPhase section */

/* Begin PBXGroup section */
		9EBE70C01FE61572002C536F = {
			isa = PBXGroup;
			children = (
				9E4866572002CB5E002793EA /* Slinger.xcconfig */,
				9EEBC69A1FEF556C00FF72EB /* slinger-js */,
				9EBE70CB1FE61572002C536F /* Slinger */,
				9EBE70CA1FE61572002C536F /* Products */,
				9EBE70DA1FE61592002C536F /* Frameworks */,
			);
			sourceTree = "<group>";
		};
		9EBE70CA1FE61572002C536F /* Products */ = {
			isa = PBXGroup;
			children = (
				9EBE70C91FE61572002C536F /* Slinger.app */,
			);
			name = Products;
			sourceTree = "<group>";
		};
		9EBE70CB1FE61572002C536F /* Slinger */ = {
			isa = PBXGroup;
			children = (
				9E48666D20038E30002793EA /* icon-fade.png */,
				9E48666B200389F9002793EA /* icon.png */,
				9EBE70CC1FE61572002C536F /* AppDelegate.swift */,
				9EBE70CE1FE61572002C536F /* Assets.xcassets */,
				9EBE70D31FE61572002C536F /* Info.plist */,
				9EBE70D41FE61572002C536F /* Slinger.entitlements */,
				9EEBC68A1FEF159D00FF72EB /* main.swift */,
				9EEBC6921FEF4CD200FF72EB /* Slinger.swift */,
				9EEBC6941FEF4CEC00FF72EB /* Keybinding.swift */,
				9E48663C1FF356FE002793EA /* CairoJS.swift */,
				9E4866481FF5C941002793EA /* ClutterJS.swift */,
				9E48664A1FF5C98B002793EA /* System.swift */,
				9E48664E1FFAFA39002793EA /* Keycode.swift */,
				9E48665D20036F2A002793EA /* Status.swift */,
				9E48666F2005F322002793EA /* NSScreen+Slinger.swift */,
			);
			path = Slinger;
			sourceTree = "<group>";
		};
		9EBE70DA1FE61592002C536F /* Frameworks */ = {
			isa = PBXGroup;
			children = (
				9E4866451FF5B9D7002793EA /* AXSwift.framework */,
				9EEBC6961FEF533600FF72EB /* JavaScriptCore.framework */,
				9EEBC68C1FEF286700FF72EB /* MASShortcut.framework */,
				9EBE716E1FEE6EF3002C536F /* ApplicationServices.framework */,
			);
			name = Frameworks;
			sourceTree = "<group>";
		};
		9EEBC69A1FEF556C00FF72EB /* slinger-js */ = {
			isa = PBXGroup;
			children = (
				9E4866361FEF952A002793EA /* cocoa_impl.js */,
			);
			name = "slinger-js";
			sourceTree = "<group>";
		};
/* End PBXGroup section */

/* Begin PBXNativeTarget section */
		9EBE70C81FE61572002C536F /* Slinger */ = {
			isa = PBXNativeTarget;
			buildConfigurationList = 9EBE70D71FE61572002C536F /* Build configuration list for PBXNativeTarget "Slinger" */;
			buildPhases = (
				9EBE70C51FE61572002C536F /* Sources */,
				9EBE70C61FE61572002C536F /* Frameworks */,
				9EBE70C71FE61572002C536F /* Resources */,
				9EEBC6911FEF2A1700FF72EB /* Embed Frameworks */,
			);
			buildRules = (
			);
			dependencies = (
			);
			name = Slinger;
			productName = Slinger;
			productReference = 9EBE70C91FE61572002C536F /* Slinger.app */;
			productType = "com.apple.product-type.application";
		};
/* End PBXNativeTarget section */

/* Begin PBXProject section */
		9EBE70C11FE61572002C536F /* Project object */ = {
			isa = PBXProject;
			attributes = {
				LastSwiftUpdateCheck = 0920;
				LastUpgradeCheck = 1020;
				ORGANIZATIONNAME = "Tim Cuthbertson";
				TargetAttributes = {
					9EBE70C81FE61572002C536F = {
						CreatedOnToolsVersion = 9.2;
						ProvisioningStyle = Automatic;
					};
				};
			};
			buildConfigurationList = 9EBE70C41FE61572002C536F /* Build configuration list for PBXProject "Slinger" */;
			compatibilityVersion = "Xcode 8.0";
			developmentRegion = en;
			hasScannedForEncodings = 0;
			knownRegions = (
				en,
				Base,
			);
			mainGroup = 9EBE70C01FE61572002C536F;
			productRefGroup = 9EBE70CA1FE61572002C536F /* Products */;
			projectDirPath = "";
			projectRoot = "";
			targets = (
				9EBE70C81FE61572002C536F /* Slinger */,
			);
		};
/* End PBXProject section */

/* Begin PBXResourcesBuildPhase section */
		9EBE70C71FE61572002C536F /* Resources */ = {
			isa = PBXResourcesBuildPhase;
			buildActionMask = 2147483647;
			files = (
				9E4866371FEF952A002793EA /* cocoa_impl.js in Resources */,
				9E48666E20038E30002793EA /* icon-fade.png in Resources */,
				9E48666C200389F9002793EA /* icon.png in Resources */,
				9EBE70CF1FE61572002C536F /* Assets.xcassets in Resources */,
			);
			runOnlyForDeploymentPostprocessing = 0;
		};
/* End PBXResourcesBuildPhase section */

/* Begin PBXSourcesBuildPhase section */
		9EBE70C51FE61572002C536F /* Sources */ = {
			isa = PBXSourcesBuildPhase;
			buildActionMask = 2147483647;
			files = (
				9E50B54622A3675C0006209A /* CairoJS.swift in Sources */,
				9E48664F1FFAFA39002793EA /* Keycode.swift in Sources */,
				9E48664B1FF5C98B002793EA /* System.swift in Sources */,
				9E4866702005F322002793EA /* NSScreen+Slinger.swift in Sources */,
				9EEBC6951FEF4CEC00FF72EB /* Keybinding.swift in Sources */,
				9E4866491FF5C941002793EA /* ClutterJS.swift in Sources */,
				9E48665E20036F2A002793EA /* Status.swift in Sources */,
				9EEBC6931FEF4CD200FF72EB /* Slinger.swift in Sources */,
				9EBE70CD1FE61572002C536F /* AppDelegate.swift in Sources */,
				9EEBC68B1FEF159D00FF72EB /* main.swift in Sources */,
			);
			runOnlyForDeploymentPostprocessing = 0;
		};
/* End PBXSourcesBuildPhase section */

/* Begin XCBuildConfiguration section */
		9EBE70D51FE61572002C536F /* Debug */ = {
			isa = XCBuildConfiguration;
			baseConfigurationReference = 9E4866572002CB5E002793EA /* Slinger.xcconfig */;
			buildSettings = {
				ALWAYS_SEARCH_USER_PATHS = NO;
				CLANG_ANALYZER_NONNULL = YES;
				CLANG_ANALYZER_NUMBER_OBJECT_CONVERSION = YES_AGGRESSIVE;
				CLANG_CXX_LANGUAGE_STANDARD = "gnu++14";
				CLANG_CXX_LIBRARY = "libc++";
				CLANG_ENABLE_MODULES = YES;
				CLANG_ENABLE_OBJC_ARC = YES;
				CLANG_WARN_BLOCK_CAPTURE_AUTORELEASING = YES;
				CLANG_WARN_BOOL_CONVERSION = YES;
				CLANG_WARN_COMMA = YES;
				CLANG_WARN_CONSTANT_CONVERSION = YES;
				CLANG_WARN_DEPRECATED_OBJC_IMPLEMENTATIONS = YES;
				CLANG_WARN_DIRECT_OBJC_ISA_USAGE = YES_ERROR;
				CLANG_WARN_DOCUMENTATION_COMMENTS = YES;
				CLANG_WARN_EMPTY_BODY = YES;
				CLANG_WARN_ENUM_CONVERSION = YES;
				CLANG_WARN_INFINITE_RECURSION = YES;
				CLANG_WARN_INT_CONVERSION = YES;
				CLANG_WARN_NON_LITERAL_NULL_CONVERSION = YES;
				CLANG_WARN_OBJC_IMPLICIT_RETAIN_SELF = YES;
				CLANG_WARN_OBJC_LITERAL_CONVERSION = YES;
				CLANG_WARN_OBJC_ROOT_CLASS = YES_ERROR;
				CLANG_WARN_RANGE_LOOP_ANALYSIS = YES;
				CLANG_WARN_STRICT_PROTOTYPES = YES;
				CLANG_WARN_SUSPICIOUS_MOVE = YES;
				CLANG_WARN_UNGUARDED_AVAILABILITY = YES_AGGRESSIVE;
				CLANG_WARN_UNREACHABLE_CODE = YES;
				CLANG_WARN__DUPLICATE_METHOD_MATCH = YES;
				CODE_SIGN_IDENTITY = "-";
				COPY_PHASE_STRIP = NO;
				DEBUG_INFORMATION_FORMAT = dwarf;
				ENABLE_STRICT_OBJC_MSGSEND = YES;
				ENABLE_TESTABILITY = YES;
				GCC_C_LANGUAGE_STANDARD = gnu11;
				GCC_DYNAMIC_NO_PIC = NO;
				GCC_NO_COMMON_BLOCKS = YES;
				GCC_OPTIMIZATION_LEVEL = 0;
				GCC_PREPROCESSOR_DEFINITIONS = (
					"DEBUG=1",
					"$(inherited)",
				);
				GCC_WARN_64_TO_32_BIT_CONVERSION = YES;
				GCC_WARN_ABOUT_RETURN_TYPE = YES_ERROR;
				GCC_WARN_UNDECLARED_SELECTOR = YES;
				GCC_WARN_UNINITIALIZED_AUTOS = YES_AGGRESSIVE;
				GCC_WARN_UNUSED_FUNCTION = YES;
				GCC_WARN_UNUSED_VARIABLE = YES;
				MACOSX_DEPLOYMENT_TARGET = 10.12;
				MTL_ENABLE_DEBUG_INFO = YES;
				ONLY_ACTIVE_ARCH = YES;
				SDKROOT = macosx;
				SWIFT_ACTIVE_COMPILATION_CONDITIONS = DEBUG;
				SWIFT_OPTIMIZATION_LEVEL = "-Onone";
			};
			name = Debug;
		};
		9EBE70D61FE61572002C536F /* Release */ = {
			isa = XCBuildConfiguration;
			baseConfigurationReference = 9E4866572002CB5E002793EA /* Slinger.xcconfig */;
			buildSettings = {
				ALWAYS_SEARCH_USER_PATHS = NO;
				CLANG_ANALYZER_NONNULL = YES;
				CLANG_ANALYZER_NUMBER_OBJECT_CONVERSION = YES_AGGRESSIVE;
				CLANG_CXX_LANGUAGE_STANDARD = "gnu++14";
				CLANG_CXX_LIBRARY = "libc++";
				CLANG_ENABLE_MODULES = YES;
				CLANG_ENABLE_OBJC_ARC = YES;
				CLANG_WARN_BLOCK_CAPTURE_AUTORELEASING = YES;
				CLANG_WARN_BOOL_CONVERSION = YES;
				CLANG_WARN_COMMA = YES;
				CLANG_WARN_CONSTANT_CONVERSION = YES;
				CLANG_WARN_DEPRECATED_OBJC_IMPLEMENTATIONS = YES;
				CLANG_WARN_DIRECT_OBJC_ISA_USAGE = YES_ERROR;
				CLANG_WARN_DOCUMENTATION_COMMENTS = YES;
				CLANG_WARN_EMPTY_BODY = YES;
				CLANG_WARN_ENUM_CONVERSION = YES;
				CLANG_WARN_INFINITE_RECURSION = YES;
				CLANG_WARN_INT_CONVERSION = YES;
				CLANG_WARN_NON_LITERAL_NULL_CONVERSION = YES;
				CLANG_WARN_OBJC_IMPLICIT_RETAIN_SELF = YES;
				CLANG_WARN_OBJC_LITERAL_CONVERSION = YES;
				CLANG_WARN_OBJC_ROOT_CLASS = YES_ERROR;
				CLANG_WARN_RANGE_LOOP_ANALYSIS = YES;
				CLANG_WARN_STRICT_PROTOTYPES = YES;
				CLANG_WARN_SUSPICIOUS_MOVE = YES;
				CLANG_WARN_UNGUARDED_AVAILABILITY = YES_AGGRESSIVE;
				CLANG_WARN_UNREACHABLE_CODE = YES;
				CLANG_WARN__DUPLICATE_METHOD_MATCH = YES;
				CODE_SIGN_IDENTITY = "-";
				COPY_PHASE_STRIP = NO;
				DEBUG_INFORMATION_FORMAT = "dwarf-with-dsym";
				ENABLE_NS_ASSERTIONS = NO;
				ENABLE_STRICT_OBJC_MSGSEND = YES;
				GCC_C_LANGUAGE_STANDARD = gnu11;
				GCC_NO_COMMON_BLOCKS = YES;
				GCC_WARN_64_TO_32_BIT_CONVERSION = YES;
				GCC_WARN_ABOUT_RETURN_TYPE = YES_ERROR;
				GCC_WARN_UNDECLARED_SELECTOR = YES;
				GCC_WARN_UNINITIALIZED_AUTOS = YES_AGGRESSIVE;
				GCC_WARN_UNUSED_FUNCTION = YES;
				GCC_WARN_UNUSED_VARIABLE = YES;
				MACOSX_DEPLOYMENT_TARGET = 10.12;
				MTL_ENABLE_DEBUG_INFO = NO;
				SDKROOT = macosx;
				SWIFT_OPTIMIZATION_LEVEL = "-Owholemodule";
			};
			name = Release;
		};
		9EBE70D81FE61572002C536F /* Debug */ = {
			isa = XCBuildConfiguration;
			buildSettings = {
				ASSETCATALOG_COMPILER_APPICON_NAME = AppIcon;
				CODE_SIGN_ENTITLEMENTS = Slinger/Slinger.entitlements;
				CODE_SIGN_IDENTITY = "Mac Developer";
				CODE_SIGN_STYLE = Automatic;
				COMBINE_HIDPI_IMAGES = YES;
				DEVELOPMENT_TEAM = 63JTN2D3M5;
				FRAMEWORK_SEARCH_PATHS = (
					"$(inherited)",
					"$(PROJECT_DIR)/Carthage/Build/Mac",
					"$(PROJECT_DIR)/Carthage/Checkouts/Cairo/build/Debug",
				);
				INFOPLIST_FILE = Slinger/Info.plist;
				LD_RUNPATH_SEARCH_PATHS = "$(inherited) @executable_path/../Frameworks";
				PRODUCT_BUNDLE_IDENTIFIER = net.gfxmonk.Slinger;
				PRODUCT_NAME = "$(TARGET_NAME)";
				PROVISIONING_PROFILE_SPECIFIER = "";
				SWIFT_OBJC_BRIDGING_HEADER = "";
				SWIFT_VERSION = 4.0;
			};
			name = Debug;
		};
		9EBE70D91FE61572002C536F /* Release */ = {
			isa = XCBuildConfiguration;
			buildSettings = {
				ASSETCATALOG_COMPILER_APPICON_NAME = AppIcon;
				CODE_SIGN_ENTITLEMENTS = Slinger/Slinger.entitlements;
				CODE_SIGN_IDENTITY = "Mac Developer";
				CODE_SIGN_STYLE = Automatic;
				COMBINE_HIDPI_IMAGES = YES;
				DEVELOPMENT_TEAM = 63JTN2D3M5;
				FRAMEWORK_SEARCH_PATHS = (
					"$(inherited)",
					"$(PROJECT_DIR)/Carthage/Build/Mac",
					"$(PROJECT_DIR)/Carthage/Checkouts/Cairo/build/Debug",
				);
				INFOPLIST_FILE = Slinger/Info.plist;
				LD_RUNPATH_SEARCH_PATHS = "$(inherited) @executable_path/../Frameworks";
				PRODUCT_BUNDLE_IDENTIFIER = net.gfxmonk.Slinger;
				PRODUCT_NAME = "$(TARGET_NAME)";
				PROVISIONING_PROFILE_SPECIFIER = "";
				SWIFT_OBJC_BRIDGING_HEADER = "";
				SWIFT_VERSION = 4.0;
			};
			name = Release;
		};
/* End XCBuildConfiguration section */

/* Begin XCConfigurationList section */
		9EBE70C41FE61572002C536F /* Build configuration list for PBXProject "Slinger" */ = {
			isa = XCConfigurationList;
			buildConfigurations = (
				9EBE70D51FE61572002C536F /* Debug */,
				9EBE70D61FE61572002C536F /* Release */,
			);
			defaultConfigurationIsVisible = 0;
			defaultConfigurationName = Release;
		};
		9EBE70D71FE61572002C536F /* Build configuration list for PBXNativeTarget "Slinger" */ = {
			isa = XCConfigurationList;
			buildConfigurations = (
				9EBE70D81FE61572002C536F /* Debug */,
				9EBE70D91FE61572002C536F /* Release */,
			);
			defaultConfigurationIsVisible = 0;
			defaultConfigurationName = Release;
		};
/* End XCConfigurationList section */
	};
	rootObject = 9EBE70C11FE61572002C536F /* Project object */;
}
