// !$*UTF8*$!
{
	archiveVersion = 1;
	classes = {
	};
	objectVersion = 48;
	objects = {

/* Begin PBXBuildFile section */
		9EBE71941FEE720B002C536F /* AXSwift.h in Headers */ = {isa = PBXBuildFile; fileRef = 9EBE71921FEE720A002C536F /* AXSwift.h */; settings = {ATTRIBUTES = (Public, ); }; };
		9EBE71A21FEE721C002C536F /* SystemWideElement.swift in Sources */ = {isa = PBXBuildFile; fileRef = 9EBE719A1FEE721B002C536F /* SystemWideElement.swift */; };
		9EBE71A31FEE721C002C536F /* Observer.swift in Sources */ = {isa = PBXBuildFile; fileRef = 9EBE719B1FEE721B002C536F /* Observer.swift */; };
		9EBE71A41FEE721C002C536F /* AXSwift.swift in Sources */ = {isa = PBXBuildFile; fileRef = 9EBE719C1FEE721B002C536F /* AXSwift.swift */; };
		9EBE71A51FEE721C002C536F /* Error.swift in Sources */ = {isa = PBXBuildFile; fileRef = 9EBE719D1FEE721B002C536F /* Error.swift */; };
		9EBE71A61FEE721C002C536F /* Application.swift in Sources */ = {isa = PBXBuildFile; fileRef = 9EBE719E1FEE721C002C536F /* Application.swift */; };
		9EBE71A71FEE721C002C536F /* UIElement.swift in Sources */ = {isa = PBXBuildFile; fileRef = 9EBE719F1FEE721C002C536F /* UIElement.swift */; };
		9EBE71A81FEE721C002C536F /* AXSwift.h in Headers */ = {isa = PBXBuildFile; fileRef = 9EBE71A01FEE721C002C536F /* AXSwift.h */; };
		9EBE71A91FEE721C002C536F /* Constants.swift in Sources */ = {isa = PBXBuildFile; fileRef = 9EBE71A11FEE721C002C536F /* Constants.swift */; };
		9EBE71AC1FEE7229002C536F /* ApplicationServices.framework in Frameworks */ = {isa = PBXBuildFile; fileRef = 9EBE71AB1FEE7229002C536F /* ApplicationServices.framework */; };
/* End PBXBuildFile section */

/* Begin PBXFileReference section */
		9EBE718F1FEE720A002C536F /* AXSwift.framework */ = {isa = PBXFileReference; explicitFileType = wrapper.framework; includeInIndex = 0; path = AXSwift.framework; sourceTree = BUILT_PRODUCTS_DIR; };
		9EBE71921FEE720A002C536F /* AXSwift.h */ = {isa = PBXFileReference; lastKnownFileType = sourcecode.c.h; path = AXSwift.h; sourceTree = "<group>"; };
		9EBE71931FEE720A002C536F /* Info.plist */ = {isa = PBXFileReference; lastKnownFileType = text.plist.xml; path = Info.plist; sourceTree = "<group>"; };
		9EBE719A1FEE721B002C536F /* SystemWideElement.swift */ = {isa = PBXFileReference; fileEncoding = 4; lastKnownFileType = sourcecode.swift; name = SystemWideElement.swift; path = ../../Carthage/Checkouts/AXSwift/Sources/SystemWideElement.swift; sourceTree = "<group>"; };
		9EBE719B1FEE721B002C536F /* Observer.swift */ = {isa = PBXFileReference; fileEncoding = 4; lastKnownFileType = sourcecode.swift; name = Observer.swift; path = ../../Carthage/Checkouts/AXSwift/Sources/Observer.swift; sourceTree = "<group>"; };
		9EBE719C1FEE721B002C536F /* AXSwift.swift */ = {isa = PBXFileReference; fileEncoding = 4; lastKnownFileType = sourcecode.swift; name = AXSwift.swift; path = ../../Carthage/Checkouts/AXSwift/Sources/AXSwift.swift; sourceTree = "<group>"; };
		9EBE719D1FEE721B002C536F /* Error.swift */ = {isa = PBXFileReference; fileEncoding = 4; lastKnownFileType = sourcecode.swift; name = Error.swift; path = ../../Carthage/Checkouts/AXSwift/Sources/Error.swift; sourceTree = "<group>"; };
		9EBE719E1FEE721C002C536F /* Application.swift */ = {isa = PBXFileReference; fileEncoding = 4; lastKnownFileType = sourcecode.swift; name = Application.swift; path = ../../Carthage/Checkouts/AXSwift/Sources/Application.swift; sourceTree = "<group>"; };
		9EBE719F1FEE721C002C536F /* UIElement.swift */ = {isa = PBXFileReference; fileEncoding = 4; lastKnownFileType = sourcecode.swift; name = UIElement.swift; path = ../../Carthage/Checkouts/AXSwift/Sources/UIElement.swift; sourceTree = "<group>"; };
		9EBE71A01FEE721C002C536F /* AXSwift.h */ = {isa = PBXFileReference; fileEncoding = 4; lastKnownFileType = sourcecode.c.h; name = AXSwift.h; path = ../../Carthage/Checkouts/AXSwift/Sources/AXSwift.h; sourceTree = "<group>"; };
		9EBE71A11FEE721C002C536F /* Constants.swift */ = {isa = PBXFileReference; fileEncoding = 4; lastKnownFileType = sourcecode.swift; name = Constants.swift; path = ../../Carthage/Checkouts/AXSwift/Sources/Constants.swift; sourceTree = "<group>"; };
		9EBE71AB1FEE7229002C536F /* ApplicationServices.framework */ = {isa = PBXFileReference; lastKnownFileType = wrapper.framework; name = ApplicationServices.framework; path = System/Library/Frameworks/ApplicationServices.framework; sourceTree = SDKROOT; };
		9EBE71AD1FEE726A002C536F /* AXSwift.framework */ = {isa = PBXFileReference; lastKnownFileType = wrapper.framework; name = AXSwift.framework; path = build/Release/AXSwift.framework; sourceTree = "<group>"; };
/* End PBXFileReference section */

/* Begin PBXFrameworksBuildPhase section */
		9EBE718B1FEE720A002C536F /* Frameworks */ = {
			isa = PBXFrameworksBuildPhase;
			buildActionMask = 2147483647;
			files = (
				9EBE71AC1FEE7229002C536F /* ApplicationServices.framework in Frameworks */,
			);
			runOnlyForDeploymentPostprocessing = 0;
		};
/* End PBXFrameworksBuildPhase section */

/* Begin PBXGroup section */
		9EBE71851FEE720A002C536F = {
			isa = PBXGroup;
			children = (
				9EBE71911FEE720A002C536F /* AXSwift */,
				9EBE71901FEE720A002C536F /* Products */,
				9EBE71AA1FEE7229002C536F /* Frameworks */,
			);
			sourceTree = "<group>";
		};
		9EBE71901FEE720A002C536F /* Products */ = {
			isa = PBXGroup;
			children = (
				9EBE718F1FEE720A002C536F /* AXSwift.framework */,
			);
			name = Products;
			sourceTree = "<group>";
		};
		9EBE71911FEE720A002C536F /* AXSwift */ = {
			isa = PBXGroup;
			children = (
				9EBE71921FEE720A002C536F /* AXSwift.h */,
				9EBE719E1FEE721C002C536F /* Application.swift */,
				9EBE71A01FEE721C002C536F /* AXSwift.h */,
				9EBE719C1FEE721B002C536F /* AXSwift.swift */,
				9EBE71A11FEE721C002C536F /* Constants.swift */,
				9EBE719D1FEE721B002C536F /* Error.swift */,
				9EBE719B1FEE721B002C536F /* Observer.swift */,
				9EBE719A1FEE721B002C536F /* SystemWideElement.swift */,
				9EBE719F1FEE721C002C536F /* UIElement.swift */,
				9EBE71931FEE720A002C536F /* Info.plist */,
			);
			path = AXSwift;
			sourceTree = "<group>";
		};
		9EBE71AA1FEE7229002C536F /* Frameworks */ = {
			isa = PBXGroup;
			children = (
				9EBE71AD1FEE726A002C536F /* AXSwift.framework */,
				9EBE71AB1FEE7229002C536F /* ApplicationServices.framework */,
			);
			name = Frameworks;
			sourceTree = "<group>";
		};
/* End PBXGroup section */

/* Begin PBXHeadersBuildPhase section */
		9EBE718C1FEE720A002C536F /* Headers */ = {
			isa = PBXHeadersBuildPhase;
			buildActionMask = 2147483647;
			files = (
				9EBE71941FEE720B002C536F /* AXSwift.h in Headers */,
				9EBE71A81FEE721C002C536F /* AXSwift.h in Headers */,
			);
			runOnlyForDeploymentPostprocessing = 0;
		};
/* End PBXHeadersBuildPhase section */

/* Begin PBXNativeTarget section */
		9EBE718E1FEE720A002C536F /* AXSwift */ = {
			isa = PBXNativeTarget;
			buildConfigurationList = 9EBE71971FEE720B002C536F /* Build configuration list for PBXNativeTarget "AXSwift" */;
			buildPhases = (
				9EBE718A1FEE720A002C536F /* Sources */,
				9EBE718B1FEE720A002C536F /* Frameworks */,
				9EBE718C1FEE720A002C536F /* Headers */,
				9EBE718D1FEE720A002C536F /* Resources */,
			);
			buildRules = (
			);
			dependencies = (
			);
			name = AXSwift;
			productName = AXSwift;
			productReference = 9EBE718F1FEE720A002C536F /* AXSwift.framework */;
			productType = "com.apple.product-type.framework";
		};
/* End PBXNativeTarget section */

/* Begin PBXProject section */
		9EBE71861FEE720A002C536F /* Project object */ = {
			isa = PBXProject;
			attributes = {
				LastUpgradeCheck = 0920;
				ORGANIZATIONNAME = "Tim Cuthbertson";
				TargetAttributes = {
					9EBE718E1FEE720A002C536F = {
						CreatedOnToolsVersion = 9.2;
						LastSwiftMigration = 0920;
						ProvisioningStyle = Automatic;
					};
				};
			};
			buildConfigurationList = 9EBE71891FEE720A002C536F /* Build configuration list for PBXProject "AXSwift" */;
			compatibilityVersion = "Xcode 8.0";
			developmentRegion = en;
			hasScannedForEncodings = 0;
			knownRegions = (
				en,
			);
			mainGroup = 9EBE71851FEE720A002C536F;
			productRefGroup = 9EBE71901FEE720A002C536F /* Products */;
			projectDirPath = "";
			projectRoot = "";
			targets = (
				9EBE718E1FEE720A002C536F /* AXSwift */,
			);
		};
/* End PBXProject section */

/* Begin PBXResourcesBuildPhase section */
		9EBE718D1FEE720A002C536F /* Resources */ = {
			isa = PBXResourcesBuildPhase;
			buildActionMask = 2147483647;
			files = (
			);
			runOnlyForDeploymentPostprocessing = 0;
		};
/* End PBXResourcesBuildPhase section */

/* Begin PBXSourcesBuildPhase section */
		9EBE718A1FEE720A002C536F /* Sources */ = {
			isa = PBXSourcesBuildPhase;
			buildActionMask = 2147483647;
			files = (
				9EBE71A61FEE721C002C536F /* Application.swift in Sources */,
				9EBE71A51FEE721C002C536F /* Error.swift in Sources */,
				9EBE71A21FEE721C002C536F /* SystemWideElement.swift in Sources */,
				9EBE71A31FEE721C002C536F /* Observer.swift in Sources */,
				9EBE71A91FEE721C002C536F /* Constants.swift in Sources */,
				9EBE71A71FEE721C002C536F /* UIElement.swift in Sources */,
				9EBE71A41FEE721C002C536F /* AXSwift.swift in Sources */,
			);
			runOnlyForDeploymentPostprocessing = 0;
		};
/* End PBXSourcesBuildPhase section */

/* Begin XCBuildConfiguration section */
		9EBE71951FEE720B002C536F /* Debug */ = {
			isa = XCBuildConfiguration;
			buildSettings = {
				ALWAYS_SEARCH_USER_PATHS = NO;
				CLANG_ANALYZER_NONNULL = YES;
				CLANG_ANALYZER_NUMBER_OBJECT_CONVERSION = YES_AGGRESSIVE;
				CLANG_CXX_LANGUAGE_STANDARD = "gnu++14";
				CLANG_CXX_LIBRARY = "libc++";
				CLANG_ENABLE_MODULES = YES;
				CLANG_ENABLE_OBJC_ARC = YES;
				CLANG_WARN_BLOCK_CAPTURE_AUTORELEASING = YES;
				CLANG_WARN_BOOL_CONVERSION = YES;
				CLANG_WARN_COMMA = YES;
				CLANG_WARN_CONSTANT_CONVERSION = YES;
				CLANG_WARN_DIRECT_OBJC_ISA_USAGE = YES_ERROR;
				CLANG_WARN_DOCUMENTATION_COMMENTS = YES;
				CLANG_WARN_EMPTY_BODY = YES;
				CLANG_WARN_ENUM_CONVERSION = YES;
				CLANG_WARN_INFINITE_RECURSION = YES;
				CLANG_WARN_INT_CONVERSION = YES;
				CLANG_WARN_NON_LITERAL_NULL_CONVERSION = YES;
				CLANG_WARN_OBJC_LITERAL_CONVERSION = YES;
				CLANG_WARN_OBJC_ROOT_CLASS = YES_ERROR;
				CLANG_WARN_RANGE_LOOP_ANALYSIS = YES;
				CLANG_WARN_STRICT_PROTOTYPES = YES;
				CLANG_WARN_SUSPICIOUS_MOVE = YES;
				CLANG_WARN_UNGUARDED_AVAILABILITY = YES_AGGRESSIVE;
				CLANG_WARN_UNREACHABLE_CODE = YES;
				CLANG_WARN__DUPLICATE_METHOD_MATCH = YES;
				CODE_SIGN_IDENTITY = "-";
				COPY_PHASE_STRIP = NO;
				CURRENT_PROJECT_VERSION = 1;
				DEBUG_INFORMATION_FORMAT = dwarf;
				ENABLE_STRICT_OBJC_MSGSEND = YES;
				ENABLE_TESTABILITY = YES;
				GCC_C_LANGUAGE_STANDARD = gnu11;
				GCC_DYNAMIC_NO_PIC = NO;
				GCC_NO_COMMON_BLOCKS = YES;
				GCC_OPTIMIZATION_LEVEL = 0;
				GCC_PREPROCESSOR_DEFINITIONS = (
					"DEBUG=1",
					"$(inherited)",
				);
				GCC_WARN_64_TO_32_BIT_CONVERSION = YES;
				GCC_WARN_ABOUT_RETURN_TYPE = YES_ERROR;
				GCC_WARN_UNDECLARED_SELECTOR = YES;
				GCC_WARN_UNINITIALIZED_AUTOS = YES_AGGRESSIVE;
				GCC_WARN_UNUSED_FUNCTION = YES;
				GCC_WARN_UNUSED_VARIABLE = YES;
				MACOSX_DEPLOYMENT_TARGET = 10.12;
				MTL_ENABLE_DEBUG_INFO = YES;
				ONLY_ACTIVE_ARCH = YES;
				SDKROOT = macosx;
				SWIFT_ACTIVE_COMPILATION_CONDITIONS = DEBUG;
				SWIFT_OPTIMIZATION_LEVEL = "-Onone";
				VERSIONING_SYSTEM = "apple-generic";
				VERSION_INFO_PREFIX = "";
			};
			name = Debug;
		};
		9EBE71961FEE720B002C536F /* Release */ = {
			isa = XCBuildConfiguration;
			buildSettings = {
				ALWAYS_SEARCH_USER_PATHS = NO;
				CLANG_ANALYZER_NONNULL = YES;
				CLANG_ANALYZER_NUMBER_OBJECT_CONVERSION = YES_AGGRESSIVE;
				CLANG_CXX_LANGUAGE_STANDARD = "gnu++14";
				CLANG_CXX_LIBRARY = "libc++";
				CLANG_ENABLE_MODULES = YES;
				CLANG_ENABLE_OBJC_ARC = YES;
				CLANG_WARN_BLOCK_CAPTURE_AUTORELEASING = YES;
				CLANG_WARN_BOOL_CONVERSION = YES;
				CLANG_WARN_COMMA = YES;
				CLANG_WARN_CONSTANT_CONVERSION = YES;
				CLANG_WARN_DIRECT_OBJC_ISA_USAGE = YES_ERROR;
				CLANG_WARN_DOCUMENTATION_COMMENTS = YES;
				CLANG_WARN_EMPTY_BODY = YES;
				CLANG_WARN_ENUM_CONVERSION = YES;
				CLANG_WARN_INFINITE_RECURSION = YES;
				CLANG_WARN_INT_CONVERSION = YES;
				CLANG_WARN_NON_LITERAL_NULL_CONVERSION = YES;
				CLANG_WARN_OBJC_LITERAL_CONVERSION = YES;
				CLANG_WARN_OBJC_ROOT_CLASS = YES_ERROR;
				CLANG_WARN_RANGE_LOOP_ANALYSIS = YES;
				CLANG_WARN_STRICT_PROTOTYPES = YES;
				CLANG_WARN_SUSPICIOUS_MOVE = YES;
				CLANG_WARN_UNGUARDED_AVAILABILITY = YES_AGGRESSIVE;
				CLANG_WARN_UNREACHABLE_CODE = YES;
				CLANG_WARN__DUPLICATE_METHOD_MATCH = YES;
				CODE_SIGN_IDENTITY = "-";
				COPY_PHASE_STRIP = NO;
				CURRENT_PROJECT_VERSION = 1;
				DEBUG_INFORMATION_FORMAT = "dwarf-with-dsym";
				ENABLE_NS_ASSERTIONS = NO;
				ENABLE_STRICT_OBJC_MSGSEND = YES;
				GCC_C_LANGUAGE_STANDARD = gnu11;
				GCC_NO_COMMON_BLOCKS = YES;
				GCC_WARN_64_TO_32_BIT_CONVERSION = YES;
				GCC_WARN_ABOUT_RETURN_TYPE = YES_ERROR;
				GCC_WARN_UNDECLARED_SELECTOR = YES;
				GCC_WARN_UNINITIALIZED_AUTOS = YES_AGGRESSIVE;
				GCC_WARN_UNUSED_FUNCTION = YES;
				GCC_WARN_UNUSED_VARIABLE = YES;
				MACOSX_DEPLOYMENT_TARGET = 10.12;
				MTL_ENABLE_DEBUG_INFO = NO;
				SDKROOT = macosx;
				SWIFT_OPTIMIZATION_LEVEL = "-Owholemodule";
				VERSIONING_SYSTEM = "apple-generic";
				VERSION_INFO_PREFIX = "";
			};
			name = Release;
		};
		9EBE71981FEE720B002C536F /* Debug */ = {
			isa = XCBuildConfiguration;
			buildSettings = {
				CLANG_ENABLE_MODULES = YES;
				CODE_SIGN_IDENTITY = "";
				CODE_SIGN_STYLE = Automatic;
				COMBINE_HIDPI_IMAGES = YES;
				DEFINES_MODULE = YES;
				DYLIB_COMPATIBILITY_VERSION = 1;
				DYLIB_CURRENT_VERSION = 1;
				DYLIB_INSTALL_NAME_BASE = "@rpath";
				FRAMEWORK_SEARCH_PATHS = (
					"$(inherited)",
					"$(PROJECT_DIR)/build/Release",
				);
				FRAMEWORK_VERSION = A;
				INFOPLIST_FILE = AXSwift/Info.plist;
				INSTALL_PATH = "$(LOCAL_LIBRARY_DIR)/Frameworks";
				LD_RUNPATH_SEARCH_PATHS = "$(inherited) @executable_path/../Frameworks @loader_path/Frameworks";
				PRODUCT_BUNDLE_IDENTIFIER = net.gfxmonk.AXSwift;
				PRODUCT_NAME = "$(TARGET_NAME:c99extidentifier)";
				SKIP_INSTALL = YES;
				SWIFT_OPTIMIZATION_LEVEL = "-Onone";
				SWIFT_VERSION = 4.0;
			};
			name = Debug;
		};
		9EBE71991FEE720B002C536F /* Release */ = {
			isa = XCBuildConfiguration;
			buildSettings = {
				CLANG_ENABLE_MODULES = YES;
				CODE_SIGN_IDENTITY = "";
				CODE_SIGN_STYLE = Automatic;
				COMBINE_HIDPI_IMAGES = YES;
				DEFINES_MODULE = YES;
				DYLIB_COMPATIBILITY_VERSION = 1;
				DYLIB_CURRENT_VERSION = 1;
				DYLIB_INSTALL_NAME_BASE = "@rpath";
				FRAMEWORK_SEARCH_PATHS = (
					"$(inherited)",
					"$(PROJECT_DIR)/build/Release",
				);
				FRAMEWORK_VERSION = A;
				INFOPLIST_FILE = AXSwift/Info.plist;
				INSTALL_PATH = "$(LOCAL_LIBRARY_DIR)/Frameworks";
				LD_RUNPATH_SEARCH_PATHS = "$(inherited) @executable_path/../Frameworks @loader_path/Frameworks";
				PRODUCT_BUNDLE_IDENTIFIER = net.gfxmonk.AXSwift;
				PRODUCT_NAME = "$(TARGET_NAME:c99extidentifier)";
				SKIP_INSTALL = YES;
				SWIFT_VERSION = 4.0;
			};
			name = Release;
		};
/* End XCBuildConfiguration section */

/* Begin XCConfigurationList section */
		9EBE71891FEE720A002C536F /* Build configuration list for PBXProject "AXSwift" */ = {
			isa = XCConfigurationList;
			buildConfigurations = (
				9EBE71951FEE720B002C536F /* Debug */,
				9EBE71961FEE720B002C536F /* Release */,
			);
			defaultConfigurationIsVisible = 0;
			defaultConfigurationName = Release;
		};
		9EBE71971FEE720B002C536F /* Build configuration list for PBXNativeTarget "AXSwift" */ = {
			isa = XCConfigurationList;
			buildConfigurations = (
				9EBE71981FEE720B002C536F /* Debug */,
				9EBE71991FEE720B002C536F /* Release */,
			);
			defaultConfigurationIsVisible = 0;
			defaultConfigurationName = Release;
		};
/* End XCConfigurationList section */
	};
	rootObject = 9EBE71861FEE720A002C536F /* Project object */;
}
